PODS:
  - BRPickerView (1.2.0):
    - MJExtension (~> 3.0.13)
  - IQKeyboardManager (5.0.7)
  - Masonry (1.1.0)
  - MJExtension (3.0.13)
  - MJRefresh (3.1.15.1)
  - SDWebImage (4.0.0):
    - SDWebImage/Core (= 4.0.0)
  - SDWebImage/Core (4.0.0)
  - SVProgressHUD (2.0.4)
  - TYPagerController (2.1.0)

DEPENDENCIES:
  - BRPickerView
  - IQKeyboardManager
  - Masonry
  - MJRefresh
  - SDWebImage (~> 4.0.0)
  - SVProgressHUD (~> 2.0.3)
  - TYPagerController

SPEC CHECKSUMS:
  BRPickerView: e788d3aed3be7b09596fc8022d07c8339c45222a
  IQKeyboardManager: 0bfa4607d39924116b5c0c8b55b5d789288b5cba
  Masonry: 678fab65091a9290e40e2832a55e7ab731aad201
  MJExtension: 5932755f451458eefa24239358817f8d291240c7
  MJRefresh: 5f8552bc25ca8751c010f621c1098dbdaacbccd6
  SDWebImage: 76a6348bdc74eb5a55dd08a091ef298e56b55e41
  SVProgressHUD: bfde85ed6c573ea802b9cb37894ed9b629034f1b
  TYPagerController: 4b9dd419853e299f4390107d4c67de6949a52014

PODFILE CHECKSUM: 140cb5398145e76a1762b1c5a4f34a1e2539ede0

COCOAPODS: 1.3.1
